
Microsoft Visual Studio Solution File, Format Version 12.00
# Visual Studio 2017
Project("{FAE04EC0-301F-11D3-BF4B-00C04F79EFBC}") = "theGameProject", "theGameProject.csproj", "{5FE98B08-DF1D-7349-726A-2DED8CE2D0CD}"
EndProject
Project("{FAE04EC0-301F-11D3-BF4B-00C04F79EFBC}") = "theGameProject.Editor", "theGameProject.Editor.csproj", "{F9E07E22-4E40-E9CF-909D-E2F608EF8D97}"
EndProject
Global
	GlobalSection(SolutionConfigurationPlatforms) = preSolution
		Debug|Any CPU = Debug|Any CPU
		Release|Any CPU = Release|Any CPU
	EndGlobalSection
	GlobalSection(ProjectConfigurationPlatforms) = postSolution
		{5FE98B08-DF1D-7349-726A-2DED8CE2D0CD}.Debug|Any CPU.ActiveCfg = Debug|Any CPU
		{5FE98B08-DF1D-7349-726A-2DED8CE2D0CD}.Debug|Any CPU.Build.0 = Debug|Any CPU
		{5FE98B08-DF1D-7349-726A-2DED8CE2D0CD}.Release|Any CPU.ActiveCfg = Release|Any CPU
		{5FE98B08-DF1D-7349-726A-2DED8CE2D0CD}.Release|Any CPU.Build.0 = Release|Any CPU
		{F9E07E22-4E40-E9CF-909D-E2F608EF8D97}.Debug|Any CPU.ActiveCfg = Debug|Any CPU
		{F9E07E22-4E40-E9CF-909D-E2F608EF8D97}.Debug|Any CPU.Build.0 = Debug|Any CPU
		{F9E07E22-4E40-E9CF-909D-E2F608EF8D97}.Release|Any CPU.ActiveCfg = Release|Any CPU
		{F9E07E22-4E40-E9CF-909D-E2F608EF8D97}.Release|Any CPU.Build.0 = Release|Any CPU
	EndGlobalSection
	GlobalSection(SolutionProperties) = preSolution
		HideSolutionNode = FALSE
	EndGlobalSection
EndGlobal
